// !$*UTF8*$!
{
	archiveVersion = 1;
	classes = {
	};
	objectVersion = 48;
	objects = {

/* Begin PBXBuildFile section */
		B3AC08A520124E520075F086 /* AppDelegate.swift in Sources */ = {isa = PBXBuildFile; fileRef = B3AC08A420124E520075F086 /* AppDelegate.swift */; };
		B3AC08AA20124E520075F086 /* Main.storyboard in Resources */ = {isa = PBXBuildFile; fileRef = B3AC08A820124E520075F086 /* Main.storyboard */; };
		B3AC08AC20124E520075F086 /* Assets.xcassets in Resources */ = {isa = PBXBuildFile; fileRef = B3AC08AB20124E520075F086 /* Assets.xcassets */; };
		B3AC08AF20124E520075F086 /* LaunchScreen.storyboard in Resources */ = {isa = PBXBuildFile; fileRef = B3AC08AD20124E520075F086 /* LaunchScreen.storyboard */; };
		B3AC08B820124E990075F086 /* Note.swift in Sources */ = {isa = PBXBuildFile; fileRef = B3AC08B720124E990075F086 /* Note.swift */; };
		B3AC08BB20124FF00075F086 /* NotesTableViewController.swift in Sources */ = {isa = PBXBuildFile; fileRef = B3AC08BA20124FF00075F086 /* NotesTableViewController.swift */; };
		B3AC08BD201250700075F086 /* NoteController.swift in Sources */ = {isa = PBXBuildFile; fileRef = B3AC08BC201250700075F086 /* NoteController.swift */; };
		B3AC08C220125A9D0075F086 /* NoteDetailViewController.swift in Sources */ = {isa = PBXBuildFile; fileRef = B3AC08C120125A9D0075F086 /* NoteDetailViewController.swift */; };
/* End PBXBuildFile section */

/* Begin PBXFileReference section */
		B3AC08A120124E520075F086 /* Notes.app */ = {isa = PBXFileReference; explicitFileType = wrapper.application; includeInIndex = 0; path = Notes.app; sourceTree = BUILT_PRODUCTS_DIR; };
		B3AC08A420124E520075F086 /* AppDelegate.swift */ = {isa = PBXFileReference; lastKnownFileType = sourcecode.swift; path = AppDelegate.swift; sourceTree = "<group>"; };
		B3AC08A920124E520075F086 /* Base */ = {isa = PBXFileReference; lastKnownFileType = file.storyboard; name = Base; path = Base.lproj/Main.storyboard; sourceTree = "<group>"; };
		B3AC08AB20124E520075F086 /* Assets.xcassets */ = {isa = PBXFileReference; lastKnownFileType = folder.assetcatalog; path = Assets.xcassets; sourceTree = "<group>"; };
		B3AC08AE20124E520075F086 /* Base */ = {isa = PBXFileReference; lastKnownFileType = file.storyboard; name = Base; path = Base.lproj/LaunchScreen.storyboard; sourceTree = "<group>"; };
		B3AC08B020124E520075F086 /* Info.plist */ = {isa = PBXFileReference; lastKnownFileType = text.plist.xml; path = Info.plist; sourceTree = "<group>"; };
		B3AC08B720124E990075F086 /* Note.swift */ = {isa = PBXFileReference; lastKnownFileType = sourcecode.swift; path = Note.swift; sourceTree = "<group>"; };
		B3AC08BA20124FF00075F086 /* NotesTableViewController.swift */ = {isa = PBXFileReference; lastKnownFileType = sourcecode.swift; path = NotesTableViewController.swift; sourceTree = "<group>"; };
		B3AC08BC201250700075F086 /* NoteController.swift */ = {isa = PBXFileReference; lastKnownFileType = sourcecode.swift; path = NoteController.swift; sourceTree = "<group>"; };
		B3AC08C120125A9D0075F086 /* NoteDetailViewController.swift */ = {isa = PBXFileReference; lastKnownFileType = sourcecode.swift; path = NoteDetailViewController.swift; sourceTree = "<group>"; };
/* End PBXFileReference section */

/* Begin PBXFrameworksBuildPhase section */
		B3AC089E20124E520075F086 /* Frameworks */ = {
			isa = PBXFrameworksBuildPhase;
			buildActionMask = 2147483647;
			files = (
			);
			runOnlyForDeploymentPostprocessing = 0;
		};
/* End PBXFrameworksBuildPhase section */

/* Begin PBXGroup section */
		B3AC089820124E520075F086 = {
			isa = PBXGroup;
			children = (
				B3AC08A320124E520075F086 /* Notes */,
				B3AC08A220124E520075F086 /* Products */,
			);
			sourceTree = "<group>";
		};
		B3AC08A220124E520075F086 /* Products */ = {
			isa = PBXGroup;
			children = (
				B3AC08A120124E520075F086 /* Notes.app */,
			);
			name = Products;
			sourceTree = "<group>";
		};
		B3AC08A320124E520075F086 /* Notes */ = {
			isa = PBXGroup;
			children = (
				B3AC08C02012562E0075F086 /* View Controllers */,
				B3AC08BF201250830075F086 /* Model Controllers */,
				B3AC08B920124FA50075F086 /* Models */,
				B3AC08A420124E520075F086 /* AppDelegate.swift */,
				B3AC08A820124E520075F086 /* Main.storyboard */,
				B3AC08B620124E7C0075F086 /* Resources */,
			);
			path = Notes;
			sourceTree = "<group>";
		};
		B3AC08B620124E7C0075F086 /* Resources */ = {
			isa = PBXGroup;
			children = (
				B3AC08AB20124E520075F086 /* Assets.xcassets */,
				B3AC08AD20124E520075F086 /* LaunchScreen.storyboard */,
				B3AC08B020124E520075F086 /* Info.plist */,
			);
			path = Resources;
			sourceTree = "<group>";
		};
		B3AC08B920124FA50075F086 /* Models */ = {
			isa = PBXGroup;
			children = (
				B3AC08B720124E990075F086 /* Note.swift */,
			);
			path = Models;
			sourceTree = "<group>";
		};
		B3AC08BF201250830075F086 /* Model Controllers */ = {
			isa = PBXGroup;
			children = (
				B3AC08BC201250700075F086 /* NoteController.swift */,
			);
			path = "Model Controllers";
			sourceTree = "<group>";
		};
		B3AC08C02012562E0075F086 /* View Controllers */ = {
			isa = PBXGroup;
			children = (
				B3AC08BA20124FF00075F086 /* NotesTableViewController.swift */,
				B3AC08C120125A9D0075F086 /* NoteDetailViewController.swift */,
			);
			path = "View Controllers";
			sourceTree = "<group>";
		};
/* End PBXGroup section */

/* Begin PBXNativeTarget section */
		B3AC08A020124E520075F086 /* Notes */ = {
			isa = PBXNativeTarget;
			buildConfigurationList = B3AC08B320124E520075F086 /* Build configuration list for PBXNativeTarget "Notes" */;
			buildPhases = (
				B3AC089D20124E520075F086 /* Sources */,
				B3AC089E20124E520075F086 /* Frameworks */,
				B3AC089F20124E520075F086 /* Resources */,
			);
			buildRules = (
			);
			dependencies = (
			);
			name = Notes;
			productName = Notes;
			productReference = B3AC08A120124E520075F086 /* Notes.app */;
			productType = "com.apple.product-type.application";
		};
/* End PBXNativeTarget section */

/* Begin PBXProject section */
		B3AC089920124E520075F086 /* Project object */ = {
			isa = PBXProject;
			attributes = {
				LastSwiftUpdateCheck = 0910;
				LastUpgradeCheck = 0910;
				ORGANIZATIONNAME = "Christopher Thiebaut";
				TargetAttributes = {
					B3AC08A020124E520075F086 = {
						CreatedOnToolsVersion = 9.1;
						ProvisioningStyle = Automatic;
					};
				};
			};
			buildConfigurationList = B3AC089C20124E520075F086 /* Build configuration list for PBXProject "Notes" */;
			compatibilityVersion = "Xcode 8.0";
			developmentRegion = en;
			hasScannedForEncodings = 0;
			knownRegions = (
				en,
				Base,
			);
			mainGroup = B3AC089820124E520075F086;
			productRefGroup = B3AC08A220124E520075F086 /* Products */;
			projectDirPath = "";
			projectRoot = "";
			targets = (
				B3AC08A020124E520075F086 /* Notes */,
			);
		};
/* End PBXProject section */

/* Begin PBXResourcesBuildPhase section */
		B3AC089F20124E520075F086 /* Resources */ = {
			isa = PBXResourcesBuildPhase;
			buildActionMask = 2147483647;
			files = (
				B3AC08AF20124E520075F086 /* LaunchScreen.storyboard in Resources */,
				B3AC08AC20124E520075F086 /* Assets.xcassets in Resources */,
				B3AC08AA20124E520075F086 /* Main.storyboard in Resources */,
			);
			runOnlyForDeploymentPostprocessing = 0;
		};
/* End PBXResourcesBuildPhase section */

/* Begin PBXSourcesBuildPhase section */
		B3AC089D20124E520075F086 /* Sources */ = {
			isa = PBXSourcesBuildPhase;
			buildActionMask = 2147483647;
			files = (
				B3AC08A520124E520075F086 /* AppDelegate.swift in Sources */,
				B3AC08BD201250700075F086 /* NoteController.swift in Sources */,
				B3AC08C220125A9D0075F086 /* NoteDetailViewController.swift in Sources */,
				B3AC08B820124E990075F086 /* Note.swift in Sources */,
				B3AC08BB20124FF00075F086 /* NotesTableViewController.swift in Sources */,
			);
			runOnlyForDeploymentPostprocessing = 0;
		};
/* End PBXSourcesBuildPhase section */

/* Begin PBXVariantGroup section */
		B3AC08A820124E520075F086 /* Main.storyboard */ = {
			isa = PBXVariantGroup;
			children = (
				B3AC08A920124E520075F086 /* Base */,
			);
			name = Main.storyboard;
			sourceTree = "<group>";
		};
		B3AC08AD20124E520075F086 /* LaunchScreen.storyboard */ = {
			isa = PBXVariantGroup;
			children = (
				B3AC08AE20124E520075F086 /* Base */,
			);
			name = LaunchScreen.storyboard;
			sourceTree = "<group>";
		};
/* End PBXVariantGroup section */

/* Begin XCBuildConfiguration section */
		B3AC08B120124E520075F086 /* Debug */ = {
			isa = XCBuildConfiguration;
			buildSettings = {
				ALWAYS_SEARCH_USER_PATHS = NO;
				CLANG_ANALYZER_NONNULL = YES;
				CLANG_ANALYZER_NUMBER_OBJECT_CONVERSION = YES_AGGRESSIVE;
				CLANG_CXX_LANGUAGE_STANDARD = "gnu++14";
				CLANG_CXX_LIBRARY = "libc++";
				CLANG_ENABLE_MODULES = YES;
				CLANG_ENABLE_OBJC_ARC = YES;
				CLANG_WARN_BLOCK_CAPTURE_AUTORELEASING = YES;
				CLANG_WARN_BOOL_CONVERSION = YES;
				CLANG_WARN_COMMA = YES;
				CLANG_WARN_CONSTANT_CONVERSION = YES;
				CLANG_WARN_DIRECT_OBJC_ISA_USAGE = YES_ERROR;
				CLANG_WARN_DOCUMENTATION_COMMENTS = YES;
				CLANG_WARN_EMPTY_BODY = YES;
				CLANG_WARN_ENUM_CONVERSION = YES;
				CLANG_WARN_INFINITE_RECURSION = YES;
				CLANG_WARN_INT_CONVERSION = YES;
				CLANG_WARN_NON_LITERAL_NULL_CONVERSION = YES;
				CLANG_WARN_OBJC_LITERAL_CONVERSION = YES;
				CLANG_WARN_OBJC_ROOT_CLASS = YES_ERROR;
				CLANG_WARN_RANGE_LOOP_ANALYSIS = YES;
				CLANG_WARN_STRICT_PROTOTYPES = YES;
				CLANG_WARN_SUSPICIOUS_MOVE = YES;
				CLANG_WARN_UNGUARDED_AVAILABILITY = YES_AGGRESSIVE;
				CLANG_WARN_UNREACHABLE_CODE = YES;
				CLANG_WARN__DUPLICATE_METHOD_MATCH = YES;
				CODE_SIGN_IDENTITY = "iPhone Developer";
				COPY_PHASE_STRIP = NO;
				DEBUG_INFORMATION_FORMAT = dwarf;
				ENABLE_STRICT_OBJC_MSGSEND = YES;
				ENABLE_TESTABILITY = YES;
				GCC_C_LANGUAGE_STANDARD = gnu11;
				GCC_DYNAMIC_NO_PIC = NO;
				GCC_NO_COMMON_BLOCKS = YES;
				GCC_OPTIMIZATION_LEVEL = 0;
				GCC_PREPROCESSOR_DEFINITIONS = (
					"DEBUG=1",
					"$(inherited)",
				);
				GCC_WARN_64_TO_32_BIT_CONVERSION = YES;
				GCC_WARN_ABOUT_RETURN_TYPE = YES_ERROR;
				GCC_WARN_UNDECLARED_SELECTOR = YES;
				GCC_WARN_UNINITIALIZED_AUTOS = YES_AGGRESSIVE;
				GCC_WARN_UNUSED_FUNCTION = YES;
				GCC_WARN_UNUSED_VARIABLE = YES;
				IPHONEOS_DEPLOYMENT_TARGET = 11.1;
				MTL_ENABLE_DEBUG_INFO = YES;
				ONLY_ACTIVE_ARCH = YES;
				SDKROOT = iphoneos;
				SWIFT_ACTIVE_COMPILATION_CONDITIONS = DEBUG;
				SWIFT_OPTIMIZATION_LEVEL = "-Onone";
			};
			name = Debug;
		};
		B3AC08B220124E520075F086 /* Release */ = {
			isa = XCBuildConfiguration;
			buildSettings = {
				ALWAYS_SEARCH_USER_PATHS = NO;
				CLANG_ANALYZER_NONNULL = YES;
				CLANG_ANALYZER_NUMBER_OBJECT_CONVERSION = YES_AGGRESSIVE;
				CLANG_CXX_LANGUAGE_STANDARD = "gnu++14";
				CLANG_CXX_LIBRARY = "libc++";
				CLANG_ENABLE_MODULES = YES;
				CLANG_ENABLE_OBJC_ARC = YES;
				CLANG_WARN_BLOCK_CAPTURE_AUTORELEASING = YES;
				CLANG_WARN_BOOL_CONVERSION = YES;
				CLANG_WARN_COMMA = YES;
				CLANG_WARN_CONSTANT_CONVERSION = YES;
				CLANG_WARN_DIRECT_OBJC_ISA_USAGE = YES_ERROR;
				CLANG_WARN_DOCUMENTATION_COMMENTS = YES;
				CLANG_WARN_EMPTY_BODY = YES;
				CLANG_WARN_ENUM_CONVERSION = YES;
				CLANG_WARN_INFINITE_RECURSION = YES;
				CLANG_WARN_INT_CONVERSION = YES;
				CLANG_WARN_NON_LITERAL_NULL_CONVERSION = YES;
				CLANG_WARN_OBJC_LITERAL_CONVERSION = YES;
				CLANG_WARN_OBJC_ROOT_CLASS = YES_ERROR;
				CLANG_WARN_RANGE_LOOP_ANALYSIS = YES;
				CLANG_WARN_STRICT_PROTOTYPES = YES;
				CLANG_WARN_SUSPICIOUS_MOVE = YES;
				CLANG_WARN_UNGUARDED_AVAILABILITY = YES_AGGRESSIVE;
				CLANG_WARN_UNREACHABLE_CODE = YES;
				CLANG_WARN__DUPLICATE_METHOD_MATCH = YES;
				CODE_SIGN_IDENTITY = "iPhone Developer";
				COPY_PHASE_STRIP = NO;
				DEBUG_INFORMATION_FORMAT = "dwarf-with-dsym";
				ENABLE_NS_ASSERTIONS = NO;
				ENABLE_STRICT_OBJC_MSGSEND = YES;
				GCC_C_LANGUAGE_STANDARD = gnu11;
				GCC_NO_COMMON_BLOCKS = YES;
				GCC_WARN_64_TO_32_BIT_CONVERSION = YES;
				GCC_WARN_ABOUT_RETURN_TYPE = YES_ERROR;
				GCC_WARN_UNDECLARED_SELECTOR = YES;
				GCC_WARN_UNINITIALIZED_AUTOS = YES_AGGRESSIVE;
				GCC_WARN_UNUSED_FUNCTION = YES;
				GCC_WARN_UNUSED_VARIABLE = YES;
				IPHONEOS_DEPLOYMENT_TARGET = 11.1;
				MTL_ENABLE_DEBUG_INFO = NO;
				SDKROOT = iphoneos;
				SWIFT_OPTIMIZATION_LEVEL = "-Owholemodule";
				VALIDATE_PRODUCT = YES;
			};
			name = Release;
		};
		B3AC08B420124E520075F086 /* Debug */ = {
			isa = XCBuildConfiguration;
			buildSettings = {
				ASSETCATALOG_COMPILER_APPICON_NAME = AppIcon;
				CODE_SIGN_STYLE = Automatic;
				DEVELOPMENT_TEAM = JM5E6M7XJW;
				INFOPLIST_FILE = "$(SRCROOT)/Notes/Resources/Info.plist";
				LD_RUNPATH_SEARCH_PATHS = "$(inherited) @executable_path/Frameworks";
				PRODUCT_BUNDLE_IDENTIFIER = com.christopherthiebaut.Notes;
				PRODUCT_NAME = "$(TARGET_NAME)";
				SWIFT_VERSION = 4.0;
				TARGETED_DEVICE_FAMILY = "1,2";
			};
			name = Debug;
		};
		B3AC08B520124E520075F086 /* Release */ = {
			isa = XCBuildConfiguration;
			buildSettings = {
				ASSETCATALOG_COMPILER_APPICON_NAME = AppIcon;
				CODE_SIGN_STYLE = Automatic;
				DEVELOPMENT_TEAM = JM5E6M7XJW;
				INFOPLIST_FILE = "$(SRCROOT)/Notes/Resources/Info.plist";
				LD_RUNPATH_SEARCH_PATHS = "$(inherited) @executable_path/Frameworks";
				PRODUCT_BUNDLE_IDENTIFIER = com.christopherthiebaut.Notes;
				PRODUCT_NAME = "$(TARGET_NAME)";
				SWIFT_VERSION = 4.0;
				TARGETED_DEVICE_FAMILY = "1,2";
			};
			name = Release;
		};
/* End XCBuildConfiguration section */

/* Begin XCConfigurationList section */
		B3AC089C20124E520075F086 /* Build configuration list for PBXProject "Notes" */ = {
			isa = XCConfigurationList;
			buildConfigurations = (
				B3AC08B120124E520075F086 /* Debug */,
				B3AC08B220124E520075F086 /* Release */,
			);
			defaultConfigurationIsVisible = 0;
			defaultConfigurationName = Release;
		};
		B3AC08B320124E520075F086 /* Build configuration list for PBXNativeTarget "Notes" */ = {
			isa = XCConfigurationList;
			buildConfigurations = (
				B3AC08B420124E520075F086 /* Debug */,
				B3AC08B520124E520075F086 /* Release */,
			);
			defaultConfigurationIsVisible = 0;
			defaultConfigurationName = Release;
		};
/* End XCConfigurationList section */
	};
	rootObject = B3AC089920124E520075F086 /* Project object */;
}
